
Microsoft Visual Studio Solution File, Format Version 12.00
# Visual Studio Version 17
VisualStudioVersion = 17.2.32616.157
MinimumVisualStudioVersion = 10.0.40219.1
Project("{9A19103F-16F7-4668-BE54-9A1E7A4F7556}") = "DividendMap.Web", "DividendMap.Web\DividendMap.Web.csproj", "{705D448D-F9A5-4407-ABF9-2B0254A64280}"
EndProject
Project("{9A19103F-16F7-4668-BE54-9A1E7A4F7556}") = "DividendMap.Tests", "DividendMap.Tests\DividendMap.Tests.csproj", "{9D573975-BDDA-45F6-BCA1-35901CB26E9B}"
EndProject
Project("{9A19103F-16F7-4668-BE54-9A1E7A4F7556}") = "MyInvestments.Wallet", "Wallet\MyInvestments.Wallet.csproj", "{A45608C5-D8FD-4D0D-B2C0-46FA91DC53D4}"
EndProject
Project("{2150E333-8FDC-42A3-9474-1A3956D46DE8}") = "Wallet", "Wallet", "{5DD7F8D6-9594-46A0-AAB5-9A2F1514110D}"
EndProject
Project("{FAE04EC0-301F-11D3-BF4B-00C04F79EFBC}") = "MyInvestments.Wallet.Tests", "MyInvestments.Wallet.Tests\MyInvestments.Wallet.Tests.csproj", "{1A96E6B4-62F0-4FA7-8003-868DD839C588}"
EndProject
Global
	GlobalSection(SolutionConfigurationPlatforms) = preSolution
		Debug|Any CPU = Debug|Any CPU
		Release|Any CPU = Release|Any CPU
	EndGlobalSection
	GlobalSection(ProjectConfigurationPlatforms) = postSolution
		{705D448D-F9A5-4407-ABF9-2B0254A64280}.Debug|Any CPU.ActiveCfg = Debug|Any CPU
		{705D448D-F9A5-4407-ABF9-2B0254A64280}.Debug|Any CPU.Build.0 = Debug|Any CPU
		{705D448D-F9A5-4407-ABF9-2B0254A64280}.Release|Any CPU.ActiveCfg = Release|Any CPU
		{705D448D-F9A5-4407-ABF9-2B0254A64280}.Release|Any CPU.Build.0 = Release|Any CPU
		{9D573975-BDDA-45F6-BCA1-35901CB26E9B}.Debug|Any CPU.ActiveCfg = Debug|Any CPU
		{9D573975-BDDA-45F6-BCA1-35901CB26E9B}.Debug|Any CPU.Build.0 = Debug|Any CPU
		{9D573975-BDDA-45F6-BCA1-35901CB26E9B}.Release|Any CPU.ActiveCfg = Release|Any CPU
		{9D573975-BDDA-45F6-BCA1-35901CB26E9B}.Release|Any CPU.Build.0 = Release|Any CPU
		{A45608C5-D8FD-4D0D-B2C0-46FA91DC53D4}.Debug|Any CPU.ActiveCfg = Debug|Any CPU
		{A45608C5-D8FD-4D0D-B2C0-46FA91DC53D4}.Debug|Any CPU.Build.0 = Debug|Any CPU
		{A45608C5-D8FD-4D0D-B2C0-46FA91DC53D4}.Release|Any CPU.ActiveCfg = Release|Any CPU
		{A45608C5-D8FD-4D0D-B2C0-46FA91DC53D4}.Release|Any CPU.Build.0 = Release|Any CPU
		{1A96E6B4-62F0-4FA7-8003-868DD839C588}.Debug|Any CPU.ActiveCfg = Debug|Any CPU
		{1A96E6B4-62F0-4FA7-8003-868DD839C588}.Debug|Any CPU.Build.0 = Debug|Any CPU
		{1A96E6B4-62F0-4FA7-8003-868DD839C588}.Release|Any CPU.ActiveCfg = Release|Any CPU
		{1A96E6B4-62F0-4FA7-8003-868DD839C588}.Release|Any CPU.Build.0 = Release|Any CPU
	EndGlobalSection
	GlobalSection(SolutionProperties) = preSolution
		HideSolutionNode = FALSE
	EndGlobalSection
	GlobalSection(NestedProjects) = preSolution
		{A45608C5-D8FD-4D0D-B2C0-46FA91DC53D4} = {5DD7F8D6-9594-46A0-AAB5-9A2F1514110D}
		{1A96E6B4-62F0-4FA7-8003-868DD839C588} = {5DD7F8D6-9594-46A0-AAB5-9A2F1514110D}
	EndGlobalSection
	GlobalSection(ExtensibilityGlobals) = postSolution
		SolutionGuid = {7C17CC73-1564-4331-B4A4-138D6644E1E1}
	EndGlobalSection
EndGlobal
